
Microsoft Visual Studio Solution File, Format Version 12.00
Project("{FAE04EC0-301F-11D3-BF4B-00C04F79EFBC}") = "Common_Library", "Common_Library.csproj", "{554FC2FF-67A9-4BF8-931C-D9F8A5F39AB0}"
EndProject
Global
	GlobalSection(SolutionConfigurationPlatforms) = preSolution
		Debug|Any CPU = Debug|Any CPU
		Release|Any CPU = Release|Any CPU
	EndGlobalSection
	GlobalSection(ProjectConfigurationPlatforms) = postSolution
		{554FC2FF-67A9-4BF8-931C-D9F8A5F39AB0}.Debug|Any CPU.ActiveCfg = Debug|Any CPU
		{554FC2FF-67A9-4BF8-931C-D9F8A5F39AB0}.Debug|Any CPU.Build.0 = Debug|Any CPU
		{554FC2FF-67A9-4BF8-931C-D9F8A5F39AB0}.Release|Any CPU.ActiveCfg = Release|Any CPU
		{554FC2FF-67A9-4BF8-931C-D9F8A5F39AB0}.Release|Any CPU.Build.0 = Release|Any CPU
	EndGlobalSection
EndGlobal
